
Microsoft Visual Studio Solution File, Format Version 12.00
# Visual Studio 15
VisualStudioVersion = 15.0.28307.168
MinimumVisualStudioVersion = 10.0.40219.1
Project("{FAE04EC0-301F-11D3-BF4B-00C04F79EFBC}") = "ConsoleApp1", "ConsoleApp1\ConsoleApp1.csproj", "{FE3EA046-5876-46CF-854D-3E38B39FA8E4}"
EndProject
Project("{FAE04EC0-301F-11D3-BF4B-00C04F79EFBC}") = "ConsoleApp2", "ConsoleApp2\ConsoleApp2.csproj", "{92669980-09DF-44A1-9184-D0E7D04C40C0}"
EndProject
Project("{FAE04EC0-301F-11D3-BF4B-00C04F79EFBC}") = "ConsoleApp3", "ConsoleApp3\ConsoleApp3.csproj", "{30B38652-ABF8-403B-843C-1841EE624F6E}"
EndProject
Global
	GlobalSection(SolutionConfigurationPlatforms) = preSolution
		Debug|Any CPU = Debug|Any CPU
		Release|Any CPU = Release|Any CPU
	EndGlobalSection
	GlobalSection(ProjectConfigurationPlatforms) = postSolution
		{FE3EA046-5876-46CF-854D-3E38B39FA8E4}.Debug|Any CPU.ActiveCfg = Debug|Any CPU
		{FE3EA046-5876-46CF-854D-3E38B39FA8E4}.Debug|Any CPU.Build.0 = Debug|Any CPU
		{FE3EA046-5876-46CF-854D-3E38B39FA8E4}.Release|Any CPU.ActiveCfg = Release|Any CPU
		{FE3EA046-5876-46CF-854D-3E38B39FA8E4}.Release|Any CPU.Build.0 = Release|Any CPU
		{92669980-09DF-44A1-9184-D0E7D04C40C0}.Debug|Any CPU.ActiveCfg = Debug|Any CPU
		{92669980-09DF-44A1-9184-D0E7D04C40C0}.Debug|Any CPU.Build.0 = Debug|Any CPU
		{92669980-09DF-44A1-9184-D0E7D04C40C0}.Release|Any CPU.ActiveCfg = Release|Any CPU
		{92669980-09DF-44A1-9184-D0E7D04C40C0}.Release|Any CPU.Build.0 = Release|Any CPU
		{30B38652-ABF8-403B-843C-1841EE624F6E}.Debug|Any CPU.ActiveCfg = Debug|Any CPU
		{30B38652-ABF8-403B-843C-1841EE624F6E}.Debug|Any CPU.Build.0 = Debug|Any CPU
		{30B38652-ABF8-403B-843C-1841EE624F6E}.Release|Any CPU.ActiveCfg = Release|Any CPU
		{30B38652-ABF8-403B-843C-1841EE624F6E}.Release|Any CPU.Build.0 = Release|Any CPU
	EndGlobalSection
	GlobalSection(SolutionProperties) = preSolution
		HideSolutionNode = FALSE
	EndGlobalSection
	GlobalSection(ExtensibilityGlobals) = postSolution
		SolutionGuid = {B284FC2A-DD4A-4DB8-99F7-03081096A38B}
	EndGlobalSection
EndGlobal
